
Microsoft Visual Studio Solution File, Format Version 12.00
# Visual Studio Version 16
VisualStudioVersion = 16.0.30503.244
MinimumVisualStudioVersion = 10.0.40219.1
Project("{9A19103F-16F7-4668-BE54-9A1E7A4F7556}") = "The Void", "The Void\The Void.csproj", "{AB061475-3CF1-4EA0-9D38-478E75C8AC4F}"
EndProject
Project("{FAE04EC0-301F-11D3-BF4B-00C04F79EFBC}") = "Void.Core", "Void.Core\Void.Core.csproj", "{5F858B08-3223-4A38-8763-0C9181BD8A25}"
EndProject
Project("{FAE04EC0-301F-11D3-BF4B-00C04F79EFBC}") = "Void.BL", "Void.BL\Void.BL.csproj", "{C0C358DA-8315-4736-8EA3-45C99D160972}"
EndProject
Project("{FAE04EC0-301F-11D3-BF4B-00C04F79EFBC}") = "Void.Repository", "Void.Repository\Void.Repository.csproj", "{744699D4-D19E-4EC1-98BA-14F475AE29A8}"
EndProject
Global
	GlobalSection(SolutionConfigurationPlatforms) = preSolution
		Debug|Any CPU = Debug|Any CPU
		Release|Any CPU = Release|Any CPU
	EndGlobalSection
	GlobalSection(ProjectConfigurationPlatforms) = postSolution
		{AB061475-3CF1-4EA0-9D38-478E75C8AC4F}.Debug|Any CPU.ActiveCfg = Debug|Any CPU
		{AB061475-3CF1-4EA0-9D38-478E75C8AC4F}.Debug|Any CPU.Build.0 = Debug|Any CPU
		{AB061475-3CF1-4EA0-9D38-478E75C8AC4F}.Release|Any CPU.ActiveCfg = Release|Any CPU
		{AB061475-3CF1-4EA0-9D38-478E75C8AC4F}.Release|Any CPU.Build.0 = Release|Any CPU
		{5F858B08-3223-4A38-8763-0C9181BD8A25}.Debug|Any CPU.ActiveCfg = Debug|Any CPU
		{5F858B08-3223-4A38-8763-0C9181BD8A25}.Debug|Any CPU.Build.0 = Debug|Any CPU
		{5F858B08-3223-4A38-8763-0C9181BD8A25}.Release|Any CPU.ActiveCfg = Release|Any CPU
		{5F858B08-3223-4A38-8763-0C9181BD8A25}.Release|Any CPU.Build.0 = Release|Any CPU
		{C0C358DA-8315-4736-8EA3-45C99D160972}.Debug|Any CPU.ActiveCfg = Debug|Any CPU
		{C0C358DA-8315-4736-8EA3-45C99D160972}.Debug|Any CPU.Build.0 = Debug|Any CPU
		{C0C358DA-8315-4736-8EA3-45C99D160972}.Release|Any CPU.ActiveCfg = Release|Any CPU
		{C0C358DA-8315-4736-8EA3-45C99D160972}.Release|Any CPU.Build.0 = Release|Any CPU
		{744699D4-D19E-4EC1-98BA-14F475AE29A8}.Debug|Any CPU.ActiveCfg = Debug|Any CPU
		{744699D4-D19E-4EC1-98BA-14F475AE29A8}.Debug|Any CPU.Build.0 = Debug|Any CPU
		{744699D4-D19E-4EC1-98BA-14F475AE29A8}.Release|Any CPU.ActiveCfg = Release|Any CPU
		{744699D4-D19E-4EC1-98BA-14F475AE29A8}.Release|Any CPU.Build.0 = Release|Any CPU
	EndGlobalSection
	GlobalSection(SolutionProperties) = preSolution
		HideSolutionNode = FALSE
	EndGlobalSection
	GlobalSection(ExtensibilityGlobals) = postSolution
		SolutionGuid = {25C820D6-18FA-456A-A875-53B1A8DD4715}
	EndGlobalSection
EndGlobal
